{
  "pins" : [
    {
      "identity" : "menubarextraaccess",
      "kind" : "remoteSourceControl",
      "location" : "https://github.com/orchetect/MenuBarExtraAccess",
      "state" : {
        "revision" : "f5896b47e15e114975897354c7e1082c51a2bffd",
        "version" : "1.0.5"
      }
    },
    {
      "identity" : "valet",
      "kind" : "remoteSourceControl",
      "location" : "https://github.com/square/Valet",
      "state" : {
        "revision" : "89f12b93553055f4908c0d2548c9b8655926940a",
        "version" : "4.2.0"
      }
    }
  ],
  "version" : 2
}
