// !$*UTF8*$!
{
	archiveVersion = 1;
	classes = {
	};
	objectVersion = 56;
	objects = {

/* Begin PBXBuildFile section */
		AD99F7232B48E32500DD7E59 /* PDStatusApp.swift in Sources */ = {isa = PBXBuildFile; fileRef = AD99F7222B48E32500DD7E59 /* PDStatusApp.swift */; };
		AD99F7272B48E32600DD7E59 /* Assets.xcassets in Resources */ = {isa = PBXBuildFile; fileRef = AD99F7262B48E32600DD7E59 /* Assets.xcassets */; };
		AD99F72A2B48E32600DD7E59 /* Preview Assets.xcassets in Resources */ = {isa = PBXBuildFile; fileRef = AD99F7292B48E32600DD7E59 /* Preview Assets.xcassets */; };
		ADBD8BAC2B490079005B4881 /* Valet in Frameworks */ = {isa = PBXBuildFile; productRef = ADBD8BAB2B490079005B4881 /* Valet */; };
		ADBD8BAE2B4901C4005B4881 /* AppSecureStorage.swift in Sources */ = {isa = PBXBuildFile; fileRef = ADBD8BAD2B4901C4005B4881 /* AppSecureStorage.swift */; };
		ADBD8BB02B4914D3005B4881 /* PagerDuty.swift in Sources */ = {isa = PBXBuildFile; fileRef = ADBD8BAF2B4914D3005B4881 /* PagerDuty.swift */; };
		ADFA899C2B48E50E00FE71F7 /* RightClickMenu.swift in Sources */ = {isa = PBXBuildFile; fileRef = ADFA899B2B48E50E00FE71F7 /* RightClickMenu.swift */; };
		ADFA899F2B48E81700FE71F7 /* MenuBarExtraAccess in Frameworks */ = {isa = PBXBuildFile; productRef = ADFA899E2B48E81700FE71F7 /* MenuBarExtraAccess */; };
		ADFA89A12B48E90E00FE71F7 /* MouseHandlerView.swift in Sources */ = {isa = PBXBuildFile; fileRef = ADFA89A02B48E90E00FE71F7 /* MouseHandlerView.swift */; };
		ADFA89A32B48EAE800FE71F7 /* ContentView.swift in Sources */ = {isa = PBXBuildFile; fileRef = ADFA89A22B48EAE800FE71F7 /* ContentView.swift */; };
		ADFA89A72B48EC2C00FE71F7 /* SettingView.swift in Sources */ = {isa = PBXBuildFile; fileRef = ADFA89A62B48EC2C00FE71F7 /* SettingView.swift */; };
/* End PBXBuildFile section */

/* Begin PBXFileReference section */
		AD99F71F2B48E32500DD7E59 /* PDStatus.app */ = {isa = PBXFileReference; explicitFileType = wrapper.application; includeInIndex = 0; path = PDStatus.app; sourceTree = BUILT_PRODUCTS_DIR; };
		AD99F7222B48E32500DD7E59 /* PDStatusApp.swift */ = {isa = PBXFileReference; lastKnownFileType = sourcecode.swift; path = PDStatusApp.swift; sourceTree = "<group>"; };
		AD99F7262B48E32600DD7E59 /* Assets.xcassets */ = {isa = PBXFileReference; lastKnownFileType = folder.assetcatalog; path = Assets.xcassets; sourceTree = "<group>"; };
		AD99F7292B48E32600DD7E59 /* Preview Assets.xcassets */ = {isa = PBXFileReference; lastKnownFileType = folder.assetcatalog; path = "Preview Assets.xcassets"; sourceTree = "<group>"; };
		AD99F72B2B48E32600DD7E59 /* PDStatus.entitlements */ = {isa = PBXFileReference; lastKnownFileType = text.plist.entitlements; path = PDStatus.entitlements; sourceTree = "<group>"; };
		ADBD8BAD2B4901C4005B4881 /* AppSecureStorage.swift */ = {isa = PBXFileReference; lastKnownFileType = sourcecode.swift; path = AppSecureStorage.swift; sourceTree = "<group>"; };
		ADBD8BAF2B4914D3005B4881 /* PagerDuty.swift */ = {isa = PBXFileReference; lastKnownFileType = sourcecode.swift; path = PagerDuty.swift; sourceTree = "<group>"; };
		ADFA899B2B48E50E00FE71F7 /* RightClickMenu.swift */ = {isa = PBXFileReference; lastKnownFileType = sourcecode.swift; path = RightClickMenu.swift; sourceTree = "<group>"; };
		ADFA89A02B48E90E00FE71F7 /* MouseHandlerView.swift */ = {isa = PBXFileReference; lastKnownFileType = sourcecode.swift; path = MouseHandlerView.swift; sourceTree = "<group>"; };
		ADFA89A22B48EAE800FE71F7 /* ContentView.swift */ = {isa = PBXFileReference; fileEncoding = 4; lastKnownFileType = sourcecode.swift; path = ContentView.swift; sourceTree = "<group>"; };
		ADFA89A62B48EC2C00FE71F7 /* SettingView.swift */ = {isa = PBXFileReference; lastKnownFileType = sourcecode.swift; path = SettingView.swift; sourceTree = "<group>"; };
/* End PBXFileReference section */

/* Begin PBXFrameworksBuildPhase section */
		AD99F71C2B48E32400DD7E59 /* Frameworks */ = {
			isa = PBXFrameworksBuildPhase;
			buildActionMask = 2147483647;
			files = (
				ADFA899F2B48E81700FE71F7 /* MenuBarExtraAccess in Frameworks */,
				ADBD8BAC2B490079005B4881 /* Valet in Frameworks */,
			);
			runOnlyForDeploymentPostprocessing = 0;
		};
/* End PBXFrameworksBuildPhase section */

/* Begin PBXGroup section */
		AD99F7162B48E32400DD7E59 = {
			isa = PBXGroup;
			children = (
				AD99F7212B48E32500DD7E59 /* PDStatus */,
				AD99F7202B48E32500DD7E59 /* Products */,
			);
			sourceTree = "<group>";
		};
		AD99F7202B48E32500DD7E59 /* Products */ = {
			isa = PBXGroup;
			children = (
				AD99F71F2B48E32500DD7E59 /* PDStatus.app */,
			);
			name = Products;
			sourceTree = "<group>";
		};
		AD99F7212B48E32500DD7E59 /* PDStatus */ = {
			isa = PBXGroup;
			children = (
				ADFA89A22B48EAE800FE71F7 /* ContentView.swift */,
				AD99F7222B48E32500DD7E59 /* PDStatusApp.swift */,
				AD99F7262B48E32600DD7E59 /* Assets.xcassets */,
				AD99F72B2B48E32600DD7E59 /* PDStatus.entitlements */,
				AD99F7282B48E32600DD7E59 /* Preview Content */,
				ADFA899B2B48E50E00FE71F7 /* RightClickMenu.swift */,
				ADFA89A02B48E90E00FE71F7 /* MouseHandlerView.swift */,
				ADFA89A62B48EC2C00FE71F7 /* SettingView.swift */,
				ADBD8BAD2B4901C4005B4881 /* AppSecureStorage.swift */,
				ADBD8BAF2B4914D3005B4881 /* PagerDuty.swift */,
			);
			path = PDStatus;
			sourceTree = "<group>";
		};
		AD99F7282B48E32600DD7E59 /* Preview Content */ = {
			isa = PBXGroup;
			children = (
				AD99F7292B48E32600DD7E59 /* Preview Assets.xcassets */,
			);
			path = "Preview Content";
			sourceTree = "<group>";
		};
/* End PBXGroup section */

/* Begin PBXNativeTarget section */
		AD99F71E2B48E32400DD7E59 /* PDStatus */ = {
			isa = PBXNativeTarget;
			buildConfigurationList = AD99F72E2B48E32600DD7E59 /* Build configuration list for PBXNativeTarget "PDStatus" */;
			buildPhases = (
				AD99F71B2B48E32400DD7E59 /* Sources */,
				AD99F71C2B48E32400DD7E59 /* Frameworks */,
				AD99F71D2B48E32400DD7E59 /* Resources */,
			);
			buildRules = (
			);
			dependencies = (
			);
			name = PDStatus;
			packageProductDependencies = (
				ADFA899E2B48E81700FE71F7 /* MenuBarExtraAccess */,
				ADBD8BAB2B490079005B4881 /* Valet */,
			);
			productName = PDStatus;
			productReference = AD99F71F2B48E32500DD7E59 /* PDStatus.app */;
			productType = "com.apple.product-type.application";
		};
/* End PBXNativeTarget section */

/* Begin PBXProject section */
		AD99F7172B48E32400DD7E59 /* Project object */ = {
			isa = PBXProject;
			attributes = {
				BuildIndependentTargetsInParallel = 1;
				LastSwiftUpdateCheck = 1510;
				LastUpgradeCheck = 1510;
				TargetAttributes = {
					AD99F71E2B48E32400DD7E59 = {
						CreatedOnToolsVersion = 15.1;
					};
				};
			};
			buildConfigurationList = AD99F71A2B48E32400DD7E59 /* Build configuration list for PBXProject "PDStatus" */;
			compatibilityVersion = "Xcode 14.0";
			developmentRegion = en;
			hasScannedForEncodings = 0;
			knownRegions = (
				en,
				Base,
			);
			mainGroup = AD99F7162B48E32400DD7E59;
			packageReferences = (
				ADFA899D2B48E81700FE71F7 /* XCRemoteSwiftPackageReference "MenuBarExtraAccess" */,
				ADBD8BAA2B490079005B4881 /* XCRemoteSwiftPackageReference "Valet" */,
			);
			productRefGroup = AD99F7202B48E32500DD7E59 /* Products */;
			projectDirPath = "";
			projectRoot = "";
			targets = (
				AD99F71E2B48E32400DD7E59 /* PDStatus */,
			);
		};
/* End PBXProject section */

/* Begin PBXResourcesBuildPhase section */
		AD99F71D2B48E32400DD7E59 /* Resources */ = {
			isa = PBXResourcesBuildPhase;
			buildActionMask = 2147483647;
			files = (
				AD99F72A2B48E32600DD7E59 /* Preview Assets.xcassets in Resources */,
				AD99F7272B48E32600DD7E59 /* Assets.xcassets in Resources */,
			);
			runOnlyForDeploymentPostprocessing = 0;
		};
/* End PBXResourcesBuildPhase section */

/* Begin PBXSourcesBuildPhase section */
		AD99F71B2B48E32400DD7E59 /* Sources */ = {
			isa = PBXSourcesBuildPhase;
			buildActionMask = 2147483647;
			files = (
				ADBD8BAE2B4901C4005B4881 /* AppSecureStorage.swift in Sources */,
				ADFA899C2B48E50E00FE71F7 /* RightClickMenu.swift in Sources */,
				ADBD8BB02B4914D3005B4881 /* PagerDuty.swift in Sources */,
				ADFA89A72B48EC2C00FE71F7 /* SettingView.swift in Sources */,
				AD99F7232B48E32500DD7E59 /* PDStatusApp.swift in Sources */,
				ADFA89A32B48EAE800FE71F7 /* ContentView.swift in Sources */,
				ADFA89A12B48E90E00FE71F7 /* MouseHandlerView.swift in Sources */,
			);
			runOnlyForDeploymentPostprocessing = 0;
		};
/* End PBXSourcesBuildPhase section */

/* Begin XCBuildConfiguration section */
		AD99F72C2B48E32600DD7E59 /* Debug */ = {
			isa = XCBuildConfiguration;
			buildSettings = {
				ALWAYS_SEARCH_USER_PATHS = NO;
				ASSETCATALOG_COMPILER_GENERATE_SWIFT_ASSET_SYMBOL_EXTENSIONS = YES;
				CLANG_ANALYZER_NONNULL = YES;
				CLANG_ANALYZER_NUMBER_OBJECT_CONVERSION = YES_AGGRESSIVE;
				CLANG_CXX_LANGUAGE_STANDARD = "gnu++20";
				CLANG_ENABLE_MODULES = YES;
				CLANG_ENABLE_OBJC_ARC = YES;
				CLANG_ENABLE_OBJC_WEAK = YES;
				CLANG_WARN_BLOCK_CAPTURE_AUTORELEASING = YES;
				CLANG_WARN_BOOL_CONVERSION = YES;
				CLANG_WARN_COMMA = YES;
				CLANG_WARN_CONSTANT_CONVERSION = YES;
				CLANG_WARN_DEPRECATED_OBJC_IMPLEMENTATIONS = YES;
				CLANG_WARN_DIRECT_OBJC_ISA_USAGE = YES_ERROR;
				CLANG_WARN_DOCUMENTATION_COMMENTS = YES;
				CLANG_WARN_EMPTY_BODY = YES;
				CLANG_WARN_ENUM_CONVERSION = YES;
				CLANG_WARN_INFINITE_RECURSION = YES;
				CLANG_WARN_INT_CONVERSION = YES;
				CLANG_WARN_NON_LITERAL_NULL_CONVERSION = YES;
				CLANG_WARN_OBJC_IMPLICIT_RETAIN_SELF = YES;
				CLANG_WARN_OBJC_LITERAL_CONVERSION = YES;
				CLANG_WARN_OBJC_ROOT_CLASS = YES_ERROR;
				CLANG_WARN_QUOTED_INCLUDE_IN_FRAMEWORK_HEADER = YES;
				CLANG_WARN_RANGE_LOOP_ANALYSIS = YES;
				CLANG_WARN_STRICT_PROTOTYPES = YES;
				CLANG_WARN_SUSPICIOUS_MOVE = YES;
				CLANG_WARN_UNGUARDED_AVAILABILITY = YES_AGGRESSIVE;
				CLANG_WARN_UNREACHABLE_CODE = YES;
				CLANG_WARN__DUPLICATE_METHOD_MATCH = YES;
				COPY_PHASE_STRIP = NO;
				DEBUG_INFORMATION_FORMAT = dwarf;
				ENABLE_STRICT_OBJC_MSGSEND = YES;
				ENABLE_TESTABILITY = YES;
				ENABLE_USER_SCRIPT_SANDBOXING = YES;
				GCC_C_LANGUAGE_STANDARD = gnu17;
				GCC_DYNAMIC_NO_PIC = NO;
				GCC_NO_COMMON_BLOCKS = YES;
				GCC_OPTIMIZATION_LEVEL = 0;
				GCC_PREPROCESSOR_DEFINITIONS = (
					"DEBUG=1",
					"$(inherited)",
				);
				GCC_WARN_64_TO_32_BIT_CONVERSION = YES;
				GCC_WARN_ABOUT_RETURN_TYPE = YES_ERROR;
				GCC_WARN_UNDECLARED_SELECTOR = YES;
				GCC_WARN_UNINITIALIZED_AUTOS = YES_AGGRESSIVE;
				GCC_WARN_UNUSED_FUNCTION = YES;
				GCC_WARN_UNUSED_VARIABLE = YES;
				LOCALIZATION_PREFERS_STRING_CATALOGS = YES;
				MACOSX_DEPLOYMENT_TARGET = 14.2;
				MTL_ENABLE_DEBUG_INFO = INCLUDE_SOURCE;
				MTL_FAST_MATH = YES;
				ONLY_ACTIVE_ARCH = YES;
				SDKROOT = macosx;
				SWIFT_ACTIVE_COMPILATION_CONDITIONS = "DEBUG $(inherited)";
				SWIFT_OPTIMIZATION_LEVEL = "-Onone";
			};
			name = Debug;
		};
		AD99F72D2B48E32600DD7E59 /* Release */ = {
			isa = XCBuildConfiguration;
			buildSettings = {
				ALWAYS_SEARCH_USER_PATHS = NO;
				ASSETCATALOG_COMPILER_GENERATE_SWIFT_ASSET_SYMBOL_EXTENSIONS = YES;
				CLANG_ANALYZER_NONNULL = YES;
				CLANG_ANALYZER_NUMBER_OBJECT_CONVERSION = YES_AGGRESSIVE;
				CLANG_CXX_LANGUAGE_STANDARD = "gnu++20";
				CLANG_ENABLE_MODULES = YES;
				CLANG_ENABLE_OBJC_ARC = YES;
				CLANG_ENABLE_OBJC_WEAK = YES;
				CLANG_WARN_BLOCK_CAPTURE_AUTORELEASING = YES;
				CLANG_WARN_BOOL_CONVERSION = YES;
				CLANG_WARN_COMMA = YES;
				CLANG_WARN_CONSTANT_CONVERSION = YES;
				CLANG_WARN_DEPRECATED_OBJC_IMPLEMENTATIONS = YES;
				CLANG_WARN_DIRECT_OBJC_ISA_USAGE = YES_ERROR;
				CLANG_WARN_DOCUMENTATION_COMMENTS = YES;
				CLANG_WARN_EMPTY_BODY = YES;
				CLANG_WARN_ENUM_CONVERSION = YES;
				CLANG_WARN_INFINITE_RECURSION = YES;
				CLANG_WARN_INT_CONVERSION = YES;
				CLANG_WARN_NON_LITERAL_NULL_CONVERSION = YES;
				CLANG_WARN_OBJC_IMPLICIT_RETAIN_SELF = YES;
				CLANG_WARN_OBJC_LITERAL_CONVERSION = YES;
				CLANG_WARN_OBJC_ROOT_CLASS = YES_ERROR;
				CLANG_WARN_QUOTED_INCLUDE_IN_FRAMEWORK_HEADER = YES;
				CLANG_WARN_RANGE_LOOP_ANALYSIS = YES;
				CLANG_WARN_STRICT_PROTOTYPES = YES;
				CLANG_WARN_SUSPICIOUS_MOVE = YES;
				CLANG_WARN_UNGUARDED_AVAILABILITY = YES_AGGRESSIVE;
				CLANG_WARN_UNREACHABLE_CODE = YES;
				CLANG_WARN__DUPLICATE_METHOD_MATCH = YES;
				COPY_PHASE_STRIP = NO;
				DEBUG_INFORMATION_FORMAT = "dwarf-with-dsym";
				ENABLE_NS_ASSERTIONS = NO;
				ENABLE_STRICT_OBJC_MSGSEND = YES;
				ENABLE_USER_SCRIPT_SANDBOXING = YES;
				GCC_C_LANGUAGE_STANDARD = gnu17;
				GCC_NO_COMMON_BLOCKS = YES;
				GCC_WARN_64_TO_32_BIT_CONVERSION = YES;
				GCC_WARN_ABOUT_RETURN_TYPE = YES_ERROR;
				GCC_WARN_UNDECLARED_SELECTOR = YES;
				GCC_WARN_UNINITIALIZED_AUTOS = YES_AGGRESSIVE;
				GCC_WARN_UNUSED_FUNCTION = YES;
				GCC_WARN_UNUSED_VARIABLE = YES;
				LOCALIZATION_PREFERS_STRING_CATALOGS = YES;
				MACOSX_DEPLOYMENT_TARGET = 14.2;
				MTL_ENABLE_DEBUG_INFO = NO;
				MTL_FAST_MATH = YES;
				SDKROOT = macosx;
				SWIFT_COMPILATION_MODE = wholemodule;
			};
			name = Release;
		};
		AD99F72F2B48E32600DD7E59 /* Debug */ = {
			isa = XCBuildConfiguration;
			buildSettings = {
				ASSETCATALOG_COMPILER_APPICON_NAME = AppIcon;
				ASSETCATALOG_COMPILER_GLOBAL_ACCENT_COLOR_NAME = AccentColor;
				CODE_SIGN_ENTITLEMENTS = PDStatus/PDStatus.entitlements;
				CODE_SIGN_STYLE = Automatic;
				COMBINE_HIDPI_IMAGES = YES;
				CURRENT_PROJECT_VERSION = 1;
				DEVELOPMENT_ASSET_PATHS = "\"PDStatus/Preview Content\"";
				DEVELOPMENT_TEAM = 97A8B2WE2P;
				ENABLE_HARDENED_RUNTIME = YES;
				ENABLE_PREVIEWS = YES;
				GENERATE_INFOPLIST_FILE = YES;
				INFOPLIST_KEY_LSUIElement = YES;
				INFOPLIST_KEY_NSHumanReadableCopyright = "";
				LD_RUNPATH_SEARCH_PATHS = (
					"$(inherited)",
					"@executable_path/../Frameworks",
				);
				MARKETING_VERSION = 1.0;
				PRODUCT_BUNDLE_IDENTIFIER = winebarrel.PDStatus;
				PRODUCT_NAME = "$(TARGET_NAME)";
				SWIFT_EMIT_LOC_STRINGS = YES;
				SWIFT_VERSION = 5.0;
			};
			name = Debug;
		};
		AD99F7302B48E32600DD7E59 /* Release */ = {
			isa = XCBuildConfiguration;
			buildSettings = {
				ASSETCATALOG_COMPILER_APPICON_NAME = AppIcon;
				ASSETCATALOG_COMPILER_GLOBAL_ACCENT_COLOR_NAME = AccentColor;
				CODE_SIGN_ENTITLEMENTS = PDStatus/PDStatus.entitlements;
				CODE_SIGN_STYLE = Automatic;
				COMBINE_HIDPI_IMAGES = YES;
				CURRENT_PROJECT_VERSION = 1;
				DEVELOPMENT_ASSET_PATHS = "\"PDStatus/Preview Content\"";
				DEVELOPMENT_TEAM = 97A8B2WE2P;
				ENABLE_HARDENED_RUNTIME = YES;
				ENABLE_PREVIEWS = YES;
				GENERATE_INFOPLIST_FILE = YES;
				INFOPLIST_KEY_LSUIElement = YES;
				INFOPLIST_KEY_NSHumanReadableCopyright = "";
				LD_RUNPATH_SEARCH_PATHS = (
					"$(inherited)",
					"@executable_path/../Frameworks",
				);
				MARKETING_VERSION = 1.0;
				PRODUCT_BUNDLE_IDENTIFIER = winebarrel.PDStatus;
				PRODUCT_NAME = "$(TARGET_NAME)";
				SWIFT_EMIT_LOC_STRINGS = YES;
				SWIFT_VERSION = 5.0;
			};
			name = Release;
		};
/* End XCBuildConfiguration section */

/* Begin XCConfigurationList section */
		AD99F71A2B48E32400DD7E59 /* Build configuration list for PBXProject "PDStatus" */ = {
			isa = XCConfigurationList;
			buildConfigurations = (
				AD99F72C2B48E32600DD7E59 /* Debug */,
				AD99F72D2B48E32600DD7E59 /* Release */,
			);
			defaultConfigurationIsVisible = 0;
			defaultConfigurationName = Release;
		};
		AD99F72E2B48E32600DD7E59 /* Build configuration list for PBXNativeTarget "PDStatus" */ = {
			isa = XCConfigurationList;
			buildConfigurations = (
				AD99F72F2B48E32600DD7E59 /* Debug */,
				AD99F7302B48E32600DD7E59 /* Release */,
			);
			defaultConfigurationIsVisible = 0;
			defaultConfigurationName = Release;
		};
/* End XCConfigurationList section */

/* Begin XCRemoteSwiftPackageReference section */
		ADBD8BAA2B490079005B4881 /* XCRemoteSwiftPackageReference "Valet" */ = {
			isa = XCRemoteSwiftPackageReference;
			repositoryURL = "https://github.com/square/Valet.git";
			requirement = {
				kind = upToNextMajorVersion;
				minimumVersion = 4.2.0;
			};
		};
		ADFA899D2B48E81700FE71F7 /* XCRemoteSwiftPackageReference "MenuBarExtraAccess" */ = {
			isa = XCRemoteSwiftPackageReference;
			repositoryURL = "https://github.com/orchetect/MenuBarExtraAccess";
			requirement = {
				kind = upToNextMajorVersion;
				minimumVersion = 1.0.5;
			};
		};
/* End XCRemoteSwiftPackageReference section */

/* Begin XCSwiftPackageProductDependency section */
		ADBD8BAB2B490079005B4881 /* Valet */ = {
			isa = XCSwiftPackageProductDependency;
			package = ADBD8BAA2B490079005B4881 /* XCRemoteSwiftPackageReference "Valet" */;
			productName = Valet;
		};
		ADFA899E2B48E81700FE71F7 /* MenuBarExtraAccess */ = {
			isa = XCSwiftPackageProductDependency;
			package = ADFA899D2B48E81700FE71F7 /* XCRemoteSwiftPackageReference "MenuBarExtraAccess" */;
			productName = MenuBarExtraAccess;
		};
/* End XCSwiftPackageProductDependency section */
	};
	rootObject = AD99F7172B48E32400DD7E59 /* Project object */;
}
